
Microsoft Visual Studio Solution File, Format Version 12.00
# Visual Studio 15
VisualStudioVersion = 15.0.27130.2010
MinimumVisualStudioVersion = 15.0.26124.0
Project("{9A19103F-16F7-4668-BE54-9A1E7A4F7556}") = "ApiApp", "ApiApp\ApiApp.csproj", "{454C2629-032B-4EE3-AD7E-2B08A16C264D}"
EndProject
Project("{9A19103F-16F7-4668-BE54-9A1E7A4F7556}") = "ClientApp", "ClientApp\ClientApp.csproj", "{3B48DD57-2BB6-4C48-BD05-5778F26FCE9C}"
EndProject
Project("{9A19103F-16F7-4668-BE54-9A1E7A4F7556}") = "IdentityApp", "IdentityApp\IdentityApp.csproj", "{4D95FBB9-C49B-4D19-86EF-9F3E67382A3D}"
EndProject
Project("{9A19103F-16F7-4668-BE54-9A1E7A4F7556}") = "ClientApp10", "ClientApp10\ClientApp10.csproj", "{C9ED2F86-6DDD-4E00-8B3E-5A60B43DD188}"
EndProject
Project("{9A19103F-16F7-4668-BE54-9A1E7A4F7556}") = "PetitionsClient", "PetitionsClient\PetitionsClient.csproj", "{63417E37-ECA4-44C5-B47B-B1B434C64FB2}"
EndProject
Project("{9A19103F-16F7-4668-BE54-9A1E7A4F7556}") = "PetitionsApi", "PetitionsApi\PetitionsApi.csproj", "{62172309-93F3-4031-87AC-44E7EA579236}"
EndProject
Project("{2150E333-8FDC-42A3-9474-1A3956D46DE8}") = "Domain", "Domain", "{4BD1D63A-DB70-4A76-AB4C-3D6CD1A22A05}"
EndProject
Project("{9A19103F-16F7-4668-BE54-9A1E7A4F7556}") = "CityServicesPortal.Domain.Core", "CityServicesPortal.Domain.Core\CityServicesPortal.Domain.Core.csproj", "{906F7E93-11CC-49DD-8B49-606587736E04}"
EndProject
Project("{2150E333-8FDC-42A3-9474-1A3956D46DE8}") = "Petitions", "Petitions", "{CD2469DF-3DCD-45C6-82D0-333367279274}"
EndProject
Project("{9A19103F-16F7-4668-BE54-9A1E7A4F7556}") = "Petitions.Domain", "Petitions.Domain\Petitions.Domain.csproj", "{856F4261-16D5-4544-AD22-08591FB85EC6}"
EndProject
Project("{9A19103F-16F7-4668-BE54-9A1E7A4F7556}") = "Petitions.Infrastructure", "Petitions.Infrastructure\Petitions.Infrastructure.csproj", "{715D02F4-A13D-4C3F-9C86-409931A4D5C8}"
EndProject
Project("{9A19103F-16F7-4668-BE54-9A1E7A4F7556}") = "Petitions.Application", "Petitions.Application\Petitions.Application.csproj", "{655D150F-DC1F-459B-8C4B-4DF190BB6402}"
EndProject
Project("{9A19103F-16F7-4668-BE54-9A1E7A4F7556}") = "Petitions.WebApi", "Petitions.WebApi\Petitions.WebApi.csproj", "{E345EE72-A862-4AE5-8E33-F02A12BDF1CC}"
EndProject
Project("{9A19103F-16F7-4668-BE54-9A1E7A4F7556}") = "CityServicesPortal.Petitions.Core", "CityServicesPortal.Petitions.Core\CityServicesPortal.Petitions.Core.csproj", "{A3E1DEEF-3AC0-40B0-8DD7-AC196C58B35C}"
EndProject
Project("{9A19103F-16F7-4668-BE54-9A1E7A4F7556}") = "CityServicesPortal.Petitions.WebApi", "CityServicesPortal.Petitions.WebApi\CityServicesPortal.Petitions.WebApi.csproj", "{A854EE81-9CB1-4C23-B3F6-ECAACE00CEFF}"
EndProject
Global
	GlobalSection(SolutionConfigurationPlatforms) = preSolution
		Debug|Any CPU = Debug|Any CPU
		Debug|x64 = Debug|x64
		Debug|x86 = Debug|x86
		Release|Any CPU = Release|Any CPU
		Release|x64 = Release|x64
		Release|x86 = Release|x86
	EndGlobalSection
	GlobalSection(ProjectConfigurationPlatforms) = postSolution
		{454C2629-032B-4EE3-AD7E-2B08A16C264D}.Debug|Any CPU.ActiveCfg = Debug|Any CPU
		{454C2629-032B-4EE3-AD7E-2B08A16C264D}.Debug|Any CPU.Build.0 = Debug|Any CPU
		{454C2629-032B-4EE3-AD7E-2B08A16C264D}.Debug|x64.ActiveCfg = Debug|Any CPU
		{454C2629-032B-4EE3-AD7E-2B08A16C264D}.Debug|x64.Build.0 = Debug|Any CPU
		{454C2629-032B-4EE3-AD7E-2B08A16C264D}.Debug|x86.ActiveCfg = Debug|Any CPU
		{454C2629-032B-4EE3-AD7E-2B08A16C264D}.Debug|x86.Build.0 = Debug|Any CPU
		{454C2629-032B-4EE3-AD7E-2B08A16C264D}.Release|Any CPU.ActiveCfg = Release|Any CPU
		{454C2629-032B-4EE3-AD7E-2B08A16C264D}.Release|Any CPU.Build.0 = Release|Any CPU
		{454C2629-032B-4EE3-AD7E-2B08A16C264D}.Release|x64.ActiveCfg = Release|Any CPU
		{454C2629-032B-4EE3-AD7E-2B08A16C264D}.Release|x64.Build.0 = Release|Any CPU
		{454C2629-032B-4EE3-AD7E-2B08A16C264D}.Release|x86.ActiveCfg = Release|Any CPU
		{454C2629-032B-4EE3-AD7E-2B08A16C264D}.Release|x86.Build.0 = Release|Any CPU
		{3B48DD57-2BB6-4C48-BD05-5778F26FCE9C}.Debug|Any CPU.ActiveCfg = Debug|Any CPU
		{3B48DD57-2BB6-4C48-BD05-5778F26FCE9C}.Debug|Any CPU.Build.0 = Debug|Any CPU
		{3B48DD57-2BB6-4C48-BD05-5778F26FCE9C}.Debug|x64.ActiveCfg = Debug|Any CPU
		{3B48DD57-2BB6-4C48-BD05-5778F26FCE9C}.Debug|x64.Build.0 = Debug|Any CPU
		{3B48DD57-2BB6-4C48-BD05-5778F26FCE9C}.Debug|x86.ActiveCfg = Debug|Any CPU
		{3B48DD57-2BB6-4C48-BD05-5778F26FCE9C}.Debug|x86.Build.0 = Debug|Any CPU
		{3B48DD57-2BB6-4C48-BD05-5778F26FCE9C}.Release|Any CPU.ActiveCfg = Release|Any CPU
		{3B48DD57-2BB6-4C48-BD05-5778F26FCE9C}.Release|Any CPU.Build.0 = Release|Any CPU
		{3B48DD57-2BB6-4C48-BD05-5778F26FCE9C}.Release|x64.ActiveCfg = Release|Any CPU
		{3B48DD57-2BB6-4C48-BD05-5778F26FCE9C}.Release|x64.Build.0 = Release|Any CPU
		{3B48DD57-2BB6-4C48-BD05-5778F26FCE9C}.Release|x86.ActiveCfg = Release|Any CPU
		{3B48DD57-2BB6-4C48-BD05-5778F26FCE9C}.Release|x86.Build.0 = Release|Any CPU
		{4D95FBB9-C49B-4D19-86EF-9F3E67382A3D}.Debug|Any CPU.ActiveCfg = Debug|Any CPU
		{4D95FBB9-C49B-4D19-86EF-9F3E67382A3D}.Debug|Any CPU.Build.0 = Debug|Any CPU
		{4D95FBB9-C49B-4D19-86EF-9F3E67382A3D}.Debug|x64.ActiveCfg = Debug|Any CPU
		{4D95FBB9-C49B-4D19-86EF-9F3E67382A3D}.Debug|x64.Build.0 = Debug|Any CPU
		{4D95FBB9-C49B-4D19-86EF-9F3E67382A3D}.Debug|x86.ActiveCfg = Debug|Any CPU
		{4D95FBB9-C49B-4D19-86EF-9F3E67382A3D}.Debug|x86.Build.0 = Debug|Any CPU
		{4D95FBB9-C49B-4D19-86EF-9F3E67382A3D}.Release|Any CPU.ActiveCfg = Release|Any CPU
		{4D95FBB9-C49B-4D19-86EF-9F3E67382A3D}.Release|Any CPU.Build.0 = Release|Any CPU
		{4D95FBB9-C49B-4D19-86EF-9F3E67382A3D}.Release|x64.ActiveCfg = Release|Any CPU
		{4D95FBB9-C49B-4D19-86EF-9F3E67382A3D}.Release|x64.Build.0 = Release|Any CPU
		{4D95FBB9-C49B-4D19-86EF-9F3E67382A3D}.Release|x86.ActiveCfg = Release|Any CPU
		{4D95FBB9-C49B-4D19-86EF-9F3E67382A3D}.Release|x86.Build.0 = Release|Any CPU
		{C9ED2F86-6DDD-4E00-8B3E-5A60B43DD188}.Debug|Any CPU.ActiveCfg = Debug|Any CPU
		{C9ED2F86-6DDD-4E00-8B3E-5A60B43DD188}.Debug|Any CPU.Build.0 = Debug|Any CPU
		{C9ED2F86-6DDD-4E00-8B3E-5A60B43DD188}.Debug|x64.ActiveCfg = Debug|Any CPU
		{C9ED2F86-6DDD-4E00-8B3E-5A60B43DD188}.Debug|x64.Build.0 = Debug|Any CPU
		{C9ED2F86-6DDD-4E00-8B3E-5A60B43DD188}.Debug|x86.ActiveCfg = Debug|Any CPU
		{C9ED2F86-6DDD-4E00-8B3E-5A60B43DD188}.Debug|x86.Build.0 = Debug|Any CPU
		{C9ED2F86-6DDD-4E00-8B3E-5A60B43DD188}.Release|Any CPU.ActiveCfg = Release|Any CPU
		{C9ED2F86-6DDD-4E00-8B3E-5A60B43DD188}.Release|Any CPU.Build.0 = Release|Any CPU
		{C9ED2F86-6DDD-4E00-8B3E-5A60B43DD188}.Release|x64.ActiveCfg = Release|Any CPU
		{C9ED2F86-6DDD-4E00-8B3E-5A60B43DD188}.Release|x64.Build.0 = Release|Any CPU
		{C9ED2F86-6DDD-4E00-8B3E-5A60B43DD188}.Release|x86.ActiveCfg = Release|Any CPU
		{C9ED2F86-6DDD-4E00-8B3E-5A60B43DD188}.Release|x86.Build.0 = Release|Any CPU
		{63417E37-ECA4-44C5-B47B-B1B434C64FB2}.Debug|Any CPU.ActiveCfg = Debug|Any CPU
		{63417E37-ECA4-44C5-B47B-B1B434C64FB2}.Debug|Any CPU.Build.0 = Debug|Any CPU
		{63417E37-ECA4-44C5-B47B-B1B434C64FB2}.Debug|x64.ActiveCfg = Debug|Any CPU
		{63417E37-ECA4-44C5-B47B-B1B434C64FB2}.Debug|x64.Build.0 = Debug|Any CPU
		{63417E37-ECA4-44C5-B47B-B1B434C64FB2}.Debug|x86.ActiveCfg = Debug|Any CPU
		{63417E37-ECA4-44C5-B47B-B1B434C64FB2}.Debug|x86.Build.0 = Debug|Any CPU
		{63417E37-ECA4-44C5-B47B-B1B434C64FB2}.Release|Any CPU.ActiveCfg = Release|Any CPU
		{63417E37-ECA4-44C5-B47B-B1B434C64FB2}.Release|Any CPU.Build.0 = Release|Any CPU
		{63417E37-ECA4-44C5-B47B-B1B434C64FB2}.Release|x64.ActiveCfg = Release|Any CPU
		{63417E37-ECA4-44C5-B47B-B1B434C64FB2}.Release|x64.Build.0 = Release|Any CPU
		{63417E37-ECA4-44C5-B47B-B1B434C64FB2}.Release|x86.ActiveCfg = Release|Any CPU
		{63417E37-ECA4-44C5-B47B-B1B434C64FB2}.Release|x86.Build.0 = Release|Any CPU
		{62172309-93F3-4031-87AC-44E7EA579236}.Debug|Any CPU.ActiveCfg = Debug|Any CPU
		{62172309-93F3-4031-87AC-44E7EA579236}.Debug|Any CPU.Build.0 = Debug|Any CPU
		{62172309-93F3-4031-87AC-44E7EA579236}.Debug|x64.ActiveCfg = Debug|Any CPU
		{62172309-93F3-4031-87AC-44E7EA579236}.Debug|x64.Build.0 = Debug|Any CPU
		{62172309-93F3-4031-87AC-44E7EA579236}.Debug|x86.ActiveCfg = Debug|Any CPU
		{62172309-93F3-4031-87AC-44E7EA579236}.Debug|x86.Build.0 = Debug|Any CPU
		{62172309-93F3-4031-87AC-44E7EA579236}.Release|Any CPU.ActiveCfg = Release|Any CPU
		{62172309-93F3-4031-87AC-44E7EA579236}.Release|Any CPU.Build.0 = Release|Any CPU
		{62172309-93F3-4031-87AC-44E7EA579236}.Release|x64.ActiveCfg = Release|Any CPU
		{62172309-93F3-4031-87AC-44E7EA579236}.Release|x64.Build.0 = Release|Any CPU
		{62172309-93F3-4031-87AC-44E7EA579236}.Release|x86.ActiveCfg = Release|Any CPU
		{62172309-93F3-4031-87AC-44E7EA579236}.Release|x86.Build.0 = Release|Any CPU
		{906F7E93-11CC-49DD-8B49-606587736E04}.Debug|Any CPU.ActiveCfg = Debug|Any CPU
		{906F7E93-11CC-49DD-8B49-606587736E04}.Debug|Any CPU.Build.0 = Debug|Any CPU
		{906F7E93-11CC-49DD-8B49-606587736E04}.Debug|x64.ActiveCfg = Debug|Any CPU
		{906F7E93-11CC-49DD-8B49-606587736E04}.Debug|x64.Build.0 = Debug|Any CPU
		{906F7E93-11CC-49DD-8B49-606587736E04}.Debug|x86.ActiveCfg = Debug|Any CPU
		{906F7E93-11CC-49DD-8B49-606587736E04}.Debug|x86.Build.0 = Debug|Any CPU
		{906F7E93-11CC-49DD-8B49-606587736E04}.Release|Any CPU.ActiveCfg = Release|Any CPU
		{906F7E93-11CC-49DD-8B49-606587736E04}.Release|Any CPU.Build.0 = Release|Any CPU
		{906F7E93-11CC-49DD-8B49-606587736E04}.Release|x64.ActiveCfg = Release|Any CPU
		{906F7E93-11CC-49DD-8B49-606587736E04}.Release|x64.Build.0 = Release|Any CPU
		{906F7E93-11CC-49DD-8B49-606587736E04}.Release|x86.ActiveCfg = Release|Any CPU
		{906F7E93-11CC-49DD-8B49-606587736E04}.Release|x86.Build.0 = Release|Any CPU
		{856F4261-16D5-4544-AD22-08591FB85EC6}.Debug|Any CPU.ActiveCfg = Debug|Any CPU
		{856F4261-16D5-4544-AD22-08591FB85EC6}.Debug|Any CPU.Build.0 = Debug|Any CPU
		{856F4261-16D5-4544-AD22-08591FB85EC6}.Debug|x64.ActiveCfg = Debug|Any CPU
		{856F4261-16D5-4544-AD22-08591FB85EC6}.Debug|x64.Build.0 = Debug|Any CPU
		{856F4261-16D5-4544-AD22-08591FB85EC6}.Debug|x86.ActiveCfg = Debug|Any CPU
		{856F4261-16D5-4544-AD22-08591FB85EC6}.Debug|x86.Build.0 = Debug|Any CPU
		{856F4261-16D5-4544-AD22-08591FB85EC6}.Release|Any CPU.ActiveCfg = Release|Any CPU
		{856F4261-16D5-4544-AD22-08591FB85EC6}.Release|Any CPU.Build.0 = Release|Any CPU
		{856F4261-16D5-4544-AD22-08591FB85EC6}.Release|x64.ActiveCfg = Release|Any CPU
		{856F4261-16D5-4544-AD22-08591FB85EC6}.Release|x64.Build.0 = Release|Any CPU
		{856F4261-16D5-4544-AD22-08591FB85EC6}.Release|x86.ActiveCfg = Release|Any CPU
		{856F4261-16D5-4544-AD22-08591FB85EC6}.Release|x86.Build.0 = Release|Any CPU
		{715D02F4-A13D-4C3F-9C86-409931A4D5C8}.Debug|Any CPU.ActiveCfg = Debug|Any CPU
		{715D02F4-A13D-4C3F-9C86-409931A4D5C8}.Debug|Any CPU.Build.0 = Debug|Any CPU
		{715D02F4-A13D-4C3F-9C86-409931A4D5C8}.Debug|x64.ActiveCfg = Debug|Any CPU
		{715D02F4-A13D-4C3F-9C86-409931A4D5C8}.Debug|x64.Build.0 = Debug|Any CPU
		{715D02F4-A13D-4C3F-9C86-409931A4D5C8}.Debug|x86.ActiveCfg = Debug|Any CPU
		{715D02F4-A13D-4C3F-9C86-409931A4D5C8}.Debug|x86.Build.0 = Debug|Any CPU
		{715D02F4-A13D-4C3F-9C86-409931A4D5C8}.Release|Any CPU.ActiveCfg = Release|Any CPU
		{715D02F4-A13D-4C3F-9C86-409931A4D5C8}.Release|Any CPU.Build.0 = Release|Any CPU
		{715D02F4-A13D-4C3F-9C86-409931A4D5C8}.Release|x64.ActiveCfg = Release|Any CPU
		{715D02F4-A13D-4C3F-9C86-409931A4D5C8}.Release|x64.Build.0 = Release|Any CPU
		{715D02F4-A13D-4C3F-9C86-409931A4D5C8}.Release|x86.ActiveCfg = Release|Any CPU
		{715D02F4-A13D-4C3F-9C86-409931A4D5C8}.Release|x86.Build.0 = Release|Any CPU
		{655D150F-DC1F-459B-8C4B-4DF190BB6402}.Debug|Any CPU.ActiveCfg = Debug|Any CPU
		{655D150F-DC1F-459B-8C4B-4DF190BB6402}.Debug|Any CPU.Build.0 = Debug|Any CPU
		{655D150F-DC1F-459B-8C4B-4DF190BB6402}.Debug|x64.ActiveCfg = Debug|Any CPU
		{655D150F-DC1F-459B-8C4B-4DF190BB6402}.Debug|x64.Build.0 = Debug|Any CPU
		{655D150F-DC1F-459B-8C4B-4DF190BB6402}.Debug|x86.ActiveCfg = Debug|Any CPU
		{655D150F-DC1F-459B-8C4B-4DF190BB6402}.Debug|x86.Build.0 = Debug|Any CPU
		{655D150F-DC1F-459B-8C4B-4DF190BB6402}.Release|Any CPU.ActiveCfg = Release|Any CPU
		{655D150F-DC1F-459B-8C4B-4DF190BB6402}.Release|Any CPU.Build.0 = Release|Any CPU
		{655D150F-DC1F-459B-8C4B-4DF190BB6402}.Release|x64.ActiveCfg = Release|Any CPU
		{655D150F-DC1F-459B-8C4B-4DF190BB6402}.Release|x64.Build.0 = Release|Any CPU
		{655D150F-DC1F-459B-8C4B-4DF190BB6402}.Release|x86.ActiveCfg = Release|Any CPU
		{655D150F-DC1F-459B-8C4B-4DF190BB6402}.Release|x86.Build.0 = Release|Any CPU
		{E345EE72-A862-4AE5-8E33-F02A12BDF1CC}.Debug|Any CPU.ActiveCfg = Debug|Any CPU
		{E345EE72-A862-4AE5-8E33-F02A12BDF1CC}.Debug|Any CPU.Build.0 = Debug|Any CPU
		{E345EE72-A862-4AE5-8E33-F02A12BDF1CC}.Debug|x64.ActiveCfg = Debug|Any CPU
		{E345EE72-A862-4AE5-8E33-F02A12BDF1CC}.Debug|x64.Build.0 = Debug|Any CPU
		{E345EE72-A862-4AE5-8E33-F02A12BDF1CC}.Debug|x86.ActiveCfg = Debug|Any CPU
		{E345EE72-A862-4AE5-8E33-F02A12BDF1CC}.Debug|x86.Build.0 = Debug|Any CPU
		{E345EE72-A862-4AE5-8E33-F02A12BDF1CC}.Release|Any CPU.ActiveCfg = Release|Any CPU
		{E345EE72-A862-4AE5-8E33-F02A12BDF1CC}.Release|Any CPU.Build.0 = Release|Any CPU
		{E345EE72-A862-4AE5-8E33-F02A12BDF1CC}.Release|x64.ActiveCfg = Release|Any CPU
		{E345EE72-A862-4AE5-8E33-F02A12BDF1CC}.Release|x64.Build.0 = Release|Any CPU
		{E345EE72-A862-4AE5-8E33-F02A12BDF1CC}.Release|x86.ActiveCfg = Release|Any CPU
		{E345EE72-A862-4AE5-8E33-F02A12BDF1CC}.Release|x86.Build.0 = Release|Any CPU
		{A3E1DEEF-3AC0-40B0-8DD7-AC196C58B35C}.Debug|Any CPU.ActiveCfg = Debug|Any CPU
		{A3E1DEEF-3AC0-40B0-8DD7-AC196C58B35C}.Debug|Any CPU.Build.0 = Debug|Any CPU
		{A3E1DEEF-3AC0-40B0-8DD7-AC196C58B35C}.Debug|x64.ActiveCfg = Debug|Any CPU
		{A3E1DEEF-3AC0-40B0-8DD7-AC196C58B35C}.Debug|x64.Build.0 = Debug|Any CPU
		{A3E1DEEF-3AC0-40B0-8DD7-AC196C58B35C}.Debug|x86.ActiveCfg = Debug|Any CPU
		{A3E1DEEF-3AC0-40B0-8DD7-AC196C58B35C}.Debug|x86.Build.0 = Debug|Any CPU
		{A3E1DEEF-3AC0-40B0-8DD7-AC196C58B35C}.Release|Any CPU.ActiveCfg = Release|Any CPU
		{A3E1DEEF-3AC0-40B0-8DD7-AC196C58B35C}.Release|Any CPU.Build.0 = Release|Any CPU
		{A3E1DEEF-3AC0-40B0-8DD7-AC196C58B35C}.Release|x64.ActiveCfg = Release|Any CPU
		{A3E1DEEF-3AC0-40B0-8DD7-AC196C58B35C}.Release|x64.Build.0 = Release|Any CPU
		{A3E1DEEF-3AC0-40B0-8DD7-AC196C58B35C}.Release|x86.ActiveCfg = Release|Any CPU
		{A3E1DEEF-3AC0-40B0-8DD7-AC196C58B35C}.Release|x86.Build.0 = Release|Any CPU
		{A854EE81-9CB1-4C23-B3F6-ECAACE00CEFF}.Debug|Any CPU.ActiveCfg = Debug|Any CPU
		{A854EE81-9CB1-4C23-B3F6-ECAACE00CEFF}.Debug|Any CPU.Build.0 = Debug|Any CPU
		{A854EE81-9CB1-4C23-B3F6-ECAACE00CEFF}.Debug|x64.ActiveCfg = Debug|Any CPU
		{A854EE81-9CB1-4C23-B3F6-ECAACE00CEFF}.Debug|x64.Build.0 = Debug|Any CPU
		{A854EE81-9CB1-4C23-B3F6-ECAACE00CEFF}.Debug|x86.ActiveCfg = Debug|Any CPU
		{A854EE81-9CB1-4C23-B3F6-ECAACE00CEFF}.Debug|x86.Build.0 = Debug|Any CPU
		{A854EE81-9CB1-4C23-B3F6-ECAACE00CEFF}.Release|Any CPU.ActiveCfg = Release|Any CPU
		{A854EE81-9CB1-4C23-B3F6-ECAACE00CEFF}.Release|Any CPU.Build.0 = Release|Any CPU
		{A854EE81-9CB1-4C23-B3F6-ECAACE00CEFF}.Release|x64.ActiveCfg = Release|Any CPU
		{A854EE81-9CB1-4C23-B3F6-ECAACE00CEFF}.Release|x64.Build.0 = Release|Any CPU
		{A854EE81-9CB1-4C23-B3F6-ECAACE00CEFF}.Release|x86.ActiveCfg = Release|Any CPU
		{A854EE81-9CB1-4C23-B3F6-ECAACE00CEFF}.Release|x86.Build.0 = Release|Any CPU
	EndGlobalSection
	GlobalSection(SolutionProperties) = preSolution
		HideSolutionNode = FALSE
	EndGlobalSection
	GlobalSection(NestedProjects) = preSolution
		{906F7E93-11CC-49DD-8B49-606587736E04} = {4BD1D63A-DB70-4A76-AB4C-3D6CD1A22A05}
		{856F4261-16D5-4544-AD22-08591FB85EC6} = {CD2469DF-3DCD-45C6-82D0-333367279274}
		{715D02F4-A13D-4C3F-9C86-409931A4D5C8} = {CD2469DF-3DCD-45C6-82D0-333367279274}
		{655D150F-DC1F-459B-8C4B-4DF190BB6402} = {CD2469DF-3DCD-45C6-82D0-333367279274}
		{E345EE72-A862-4AE5-8E33-F02A12BDF1CC} = {CD2469DF-3DCD-45C6-82D0-333367279274}
		{A3E1DEEF-3AC0-40B0-8DD7-AC196C58B35C} = {CD2469DF-3DCD-45C6-82D0-333367279274}
		{A854EE81-9CB1-4C23-B3F6-ECAACE00CEFF} = {CD2469DF-3DCD-45C6-82D0-333367279274}
	EndGlobalSection
	GlobalSection(ExtensibilityGlobals) = postSolution
		SolutionGuid = {AA1DDECB-BD50-4720-AE7E-3DD7858489D0}
	EndGlobalSection
EndGlobal
