
Microsoft Visual Studio Solution File, Format Version 12.00
# Visual Studio 15
VisualStudioVersion = 15.0.27130.2010
MinimumVisualStudioVersion = 15.0.26124.0
Project("{9A19103F-16F7-4668-BE54-9A1E7A4F7556}") = "IdentityApp", "IdentityApp\IdentityApp.csproj", "{4D95FBB9-C49B-4D19-86EF-9F3E67382A3D}"
EndProject
Project("{9A19103F-16F7-4668-BE54-9A1E7A4F7556}") = "PetitionsClient", "PetitionsClient\PetitionsClient.csproj", "{63417E37-ECA4-44C5-B47B-B1B434C64FB2}"
EndProject
Project("{2150E333-8FDC-42A3-9474-1A3956D46DE8}") = "Petitions", "Petitions", "{CD2469DF-3DCD-45C6-82D0-333367279274}"
EndProject
Project("{9A19103F-16F7-4668-BE54-9A1E7A4F7556}") = "CityServicesPortal.Petitions.Domain", "CityServicesPortal.Petitions.Domain\CityServicesPortal.Petitions.Domain.csproj", "{59196F28-D72D-4117-9AB2-DD05DB0DED0C}"
EndProject
Project("{9A19103F-16F7-4668-BE54-9A1E7A4F7556}") = "CityServicesPortal.Petitions.Api", "CityServicesPortal.Petitions.Api\CityServicesPortal.Petitions.Api.csproj", "{C27E6B9A-EEC9-43EF-A4AD-65A22B9ABDB0}"
EndProject
Project("{9A19103F-16F7-4668-BE54-9A1E7A4F7556}") = "CityServicesPortal.Petitions.Domain.Core", "CityServicesPortal.Petitions.Domain.Core\CityServicesPortal.Petitions.Domain.Core.csproj", "{005DF56A-3BBB-47DA-8F40-B66595FA1D9D}"
EndProject
Project("{9A19103F-16F7-4668-BE54-9A1E7A4F7556}") = "CityServicesPortal.Petitions.Infra.Data", "CityServicesPortal.Petitions.Infra.Data\CityServicesPortal.Petitions.Infra.Data.csproj", "{89016E6D-6A3B-4058-BCFD-2196CA59E68C}"
EndProject
Project("{9A19103F-16F7-4668-BE54-9A1E7A4F7556}") = "CityServicesPortal.Petitions.Infra.Bus", "CityServicesPortal.Petitions.Infra.Bus\CityServicesPortal.Petitions.Infra.Bus.csproj", "{800E2EFB-D34B-4A2E-80EC-24DAE91C70A9}"
EndProject
Project("{9A19103F-16F7-4668-BE54-9A1E7A4F7556}") = "CityServicesPortal.Petitions.Application", "CityServicesPortal.Petitions.Application\CityServicesPortal.Petitions.Application.csproj", "{AE1B8B12-D674-4F1B-B4CF-4A260E123CC6}"
EndProject
Project("{9A19103F-16F7-4668-BE54-9A1E7A4F7556}") = "CityServicesPortal.Petitions.Infra.IoC", "CityServicesPortal.Petitions.Infra.IoC\CityServicesPortal.Petitions.Infra.IoC.csproj", "{5FC8D183-DE68-4A9A-A77E-A7F91FD103E0}"
EndProject
Global
	GlobalSection(SolutionConfigurationPlatforms) = preSolution
		Debug|Any CPU = Debug|Any CPU
		Debug|x64 = Debug|x64
		Debug|x86 = Debug|x86
		Release|Any CPU = Release|Any CPU
		Release|x64 = Release|x64
		Release|x86 = Release|x86
	EndGlobalSection
	GlobalSection(ProjectConfigurationPlatforms) = postSolution
		{4D95FBB9-C49B-4D19-86EF-9F3E67382A3D}.Debug|Any CPU.ActiveCfg = Debug|Any CPU
		{4D95FBB9-C49B-4D19-86EF-9F3E67382A3D}.Debug|Any CPU.Build.0 = Debug|Any CPU
		{4D95FBB9-C49B-4D19-86EF-9F3E67382A3D}.Debug|x64.ActiveCfg = Debug|Any CPU
		{4D95FBB9-C49B-4D19-86EF-9F3E67382A3D}.Debug|x64.Build.0 = Debug|Any CPU
		{4D95FBB9-C49B-4D19-86EF-9F3E67382A3D}.Debug|x86.ActiveCfg = Debug|Any CPU
		{4D95FBB9-C49B-4D19-86EF-9F3E67382A3D}.Debug|x86.Build.0 = Debug|Any CPU
		{4D95FBB9-C49B-4D19-86EF-9F3E67382A3D}.Release|Any CPU.ActiveCfg = Release|Any CPU
		{4D95FBB9-C49B-4D19-86EF-9F3E67382A3D}.Release|Any CPU.Build.0 = Release|Any CPU
		{4D95FBB9-C49B-4D19-86EF-9F3E67382A3D}.Release|x64.ActiveCfg = Release|Any CPU
		{4D95FBB9-C49B-4D19-86EF-9F3E67382A3D}.Release|x64.Build.0 = Release|Any CPU
		{4D95FBB9-C49B-4D19-86EF-9F3E67382A3D}.Release|x86.ActiveCfg = Release|Any CPU
		{4D95FBB9-C49B-4D19-86EF-9F3E67382A3D}.Release|x86.Build.0 = Release|Any CPU
		{63417E37-ECA4-44C5-B47B-B1B434C64FB2}.Debug|Any CPU.ActiveCfg = Debug|Any CPU
		{63417E37-ECA4-44C5-B47B-B1B434C64FB2}.Debug|Any CPU.Build.0 = Debug|Any CPU
		{63417E37-ECA4-44C5-B47B-B1B434C64FB2}.Debug|x64.ActiveCfg = Debug|Any CPU
		{63417E37-ECA4-44C5-B47B-B1B434C64FB2}.Debug|x64.Build.0 = Debug|Any CPU
		{63417E37-ECA4-44C5-B47B-B1B434C64FB2}.Debug|x86.ActiveCfg = Debug|Any CPU
		{63417E37-ECA4-44C5-B47B-B1B434C64FB2}.Debug|x86.Build.0 = Debug|Any CPU
		{63417E37-ECA4-44C5-B47B-B1B434C64FB2}.Release|Any CPU.ActiveCfg = Release|Any CPU
		{63417E37-ECA4-44C5-B47B-B1B434C64FB2}.Release|Any CPU.Build.0 = Release|Any CPU
		{63417E37-ECA4-44C5-B47B-B1B434C64FB2}.Release|x64.ActiveCfg = Release|Any CPU
		{63417E37-ECA4-44C5-B47B-B1B434C64FB2}.Release|x64.Build.0 = Release|Any CPU
		{63417E37-ECA4-44C5-B47B-B1B434C64FB2}.Release|x86.ActiveCfg = Release|Any CPU
		{63417E37-ECA4-44C5-B47B-B1B434C64FB2}.Release|x86.Build.0 = Release|Any CPU
		{59196F28-D72D-4117-9AB2-DD05DB0DED0C}.Debug|Any CPU.ActiveCfg = Debug|Any CPU
		{59196F28-D72D-4117-9AB2-DD05DB0DED0C}.Debug|Any CPU.Build.0 = Debug|Any CPU
		{59196F28-D72D-4117-9AB2-DD05DB0DED0C}.Debug|x64.ActiveCfg = Debug|Any CPU
		{59196F28-D72D-4117-9AB2-DD05DB0DED0C}.Debug|x64.Build.0 = Debug|Any CPU
		{59196F28-D72D-4117-9AB2-DD05DB0DED0C}.Debug|x86.ActiveCfg = Debug|Any CPU
		{59196F28-D72D-4117-9AB2-DD05DB0DED0C}.Debug|x86.Build.0 = Debug|Any CPU
		{59196F28-D72D-4117-9AB2-DD05DB0DED0C}.Release|Any CPU.ActiveCfg = Release|Any CPU
		{59196F28-D72D-4117-9AB2-DD05DB0DED0C}.Release|Any CPU.Build.0 = Release|Any CPU
		{59196F28-D72D-4117-9AB2-DD05DB0DED0C}.Release|x64.ActiveCfg = Release|Any CPU
		{59196F28-D72D-4117-9AB2-DD05DB0DED0C}.Release|x64.Build.0 = Release|Any CPU
		{59196F28-D72D-4117-9AB2-DD05DB0DED0C}.Release|x86.ActiveCfg = Release|Any CPU
		{59196F28-D72D-4117-9AB2-DD05DB0DED0C}.Release|x86.Build.0 = Release|Any CPU
		{C27E6B9A-EEC9-43EF-A4AD-65A22B9ABDB0}.Debug|Any CPU.ActiveCfg = Debug|Any CPU
		{C27E6B9A-EEC9-43EF-A4AD-65A22B9ABDB0}.Debug|Any CPU.Build.0 = Debug|Any CPU
		{C27E6B9A-EEC9-43EF-A4AD-65A22B9ABDB0}.Debug|x64.ActiveCfg = Debug|Any CPU
		{C27E6B9A-EEC9-43EF-A4AD-65A22B9ABDB0}.Debug|x64.Build.0 = Debug|Any CPU
		{C27E6B9A-EEC9-43EF-A4AD-65A22B9ABDB0}.Debug|x86.ActiveCfg = Debug|Any CPU
		{C27E6B9A-EEC9-43EF-A4AD-65A22B9ABDB0}.Debug|x86.Build.0 = Debug|Any CPU
		{C27E6B9A-EEC9-43EF-A4AD-65A22B9ABDB0}.Release|Any CPU.ActiveCfg = Release|Any CPU
		{C27E6B9A-EEC9-43EF-A4AD-65A22B9ABDB0}.Release|Any CPU.Build.0 = Release|Any CPU
		{C27E6B9A-EEC9-43EF-A4AD-65A22B9ABDB0}.Release|x64.ActiveCfg = Release|Any CPU
		{C27E6B9A-EEC9-43EF-A4AD-65A22B9ABDB0}.Release|x64.Build.0 = Release|Any CPU
		{C27E6B9A-EEC9-43EF-A4AD-65A22B9ABDB0}.Release|x86.ActiveCfg = Release|Any CPU
		{C27E6B9A-EEC9-43EF-A4AD-65A22B9ABDB0}.Release|x86.Build.0 = Release|Any CPU
		{005DF56A-3BBB-47DA-8F40-B66595FA1D9D}.Debug|Any CPU.ActiveCfg = Debug|Any CPU
		{005DF56A-3BBB-47DA-8F40-B66595FA1D9D}.Debug|Any CPU.Build.0 = Debug|Any CPU
		{005DF56A-3BBB-47DA-8F40-B66595FA1D9D}.Debug|x64.ActiveCfg = Debug|Any CPU
		{005DF56A-3BBB-47DA-8F40-B66595FA1D9D}.Debug|x64.Build.0 = Debug|Any CPU
		{005DF56A-3BBB-47DA-8F40-B66595FA1D9D}.Debug|x86.ActiveCfg = Debug|Any CPU
		{005DF56A-3BBB-47DA-8F40-B66595FA1D9D}.Debug|x86.Build.0 = Debug|Any CPU
		{005DF56A-3BBB-47DA-8F40-B66595FA1D9D}.Release|Any CPU.ActiveCfg = Release|Any CPU
		{005DF56A-3BBB-47DA-8F40-B66595FA1D9D}.Release|Any CPU.Build.0 = Release|Any CPU
		{005DF56A-3BBB-47DA-8F40-B66595FA1D9D}.Release|x64.ActiveCfg = Release|Any CPU
		{005DF56A-3BBB-47DA-8F40-B66595FA1D9D}.Release|x64.Build.0 = Release|Any CPU
		{005DF56A-3BBB-47DA-8F40-B66595FA1D9D}.Release|x86.ActiveCfg = Release|Any CPU
		{005DF56A-3BBB-47DA-8F40-B66595FA1D9D}.Release|x86.Build.0 = Release|Any CPU
		{89016E6D-6A3B-4058-BCFD-2196CA59E68C}.Debug|Any CPU.ActiveCfg = Debug|Any CPU
		{89016E6D-6A3B-4058-BCFD-2196CA59E68C}.Debug|Any CPU.Build.0 = Debug|Any CPU
		{89016E6D-6A3B-4058-BCFD-2196CA59E68C}.Debug|x64.ActiveCfg = Debug|Any CPU
		{89016E6D-6A3B-4058-BCFD-2196CA59E68C}.Debug|x64.Build.0 = Debug|Any CPU
		{89016E6D-6A3B-4058-BCFD-2196CA59E68C}.Debug|x86.ActiveCfg = Debug|Any CPU
		{89016E6D-6A3B-4058-BCFD-2196CA59E68C}.Debug|x86.Build.0 = Debug|Any CPU
		{89016E6D-6A3B-4058-BCFD-2196CA59E68C}.Release|Any CPU.ActiveCfg = Release|Any CPU
		{89016E6D-6A3B-4058-BCFD-2196CA59E68C}.Release|Any CPU.Build.0 = Release|Any CPU
		{89016E6D-6A3B-4058-BCFD-2196CA59E68C}.Release|x64.ActiveCfg = Release|Any CPU
		{89016E6D-6A3B-4058-BCFD-2196CA59E68C}.Release|x64.Build.0 = Release|Any CPU
		{89016E6D-6A3B-4058-BCFD-2196CA59E68C}.Release|x86.ActiveCfg = Release|Any CPU
		{89016E6D-6A3B-4058-BCFD-2196CA59E68C}.Release|x86.Build.0 = Release|Any CPU
		{800E2EFB-D34B-4A2E-80EC-24DAE91C70A9}.Debug|Any CPU.ActiveCfg = Debug|Any CPU
		{800E2EFB-D34B-4A2E-80EC-24DAE91C70A9}.Debug|Any CPU.Build.0 = Debug|Any CPU
		{800E2EFB-D34B-4A2E-80EC-24DAE91C70A9}.Debug|x64.ActiveCfg = Debug|Any CPU
		{800E2EFB-D34B-4A2E-80EC-24DAE91C70A9}.Debug|x64.Build.0 = Debug|Any CPU
		{800E2EFB-D34B-4A2E-80EC-24DAE91C70A9}.Debug|x86.ActiveCfg = Debug|Any CPU
		{800E2EFB-D34B-4A2E-80EC-24DAE91C70A9}.Debug|x86.Build.0 = Debug|Any CPU
		{800E2EFB-D34B-4A2E-80EC-24DAE91C70A9}.Release|Any CPU.ActiveCfg = Release|Any CPU
		{800E2EFB-D34B-4A2E-80EC-24DAE91C70A9}.Release|Any CPU.Build.0 = Release|Any CPU
		{800E2EFB-D34B-4A2E-80EC-24DAE91C70A9}.Release|x64.ActiveCfg = Release|Any CPU
		{800E2EFB-D34B-4A2E-80EC-24DAE91C70A9}.Release|x64.Build.0 = Release|Any CPU
		{800E2EFB-D34B-4A2E-80EC-24DAE91C70A9}.Release|x86.ActiveCfg = Release|Any CPU
		{800E2EFB-D34B-4A2E-80EC-24DAE91C70A9}.Release|x86.Build.0 = Release|Any CPU
		{AE1B8B12-D674-4F1B-B4CF-4A260E123CC6}.Debug|Any CPU.ActiveCfg = Debug|Any CPU
		{AE1B8B12-D674-4F1B-B4CF-4A260E123CC6}.Debug|Any CPU.Build.0 = Debug|Any CPU
		{AE1B8B12-D674-4F1B-B4CF-4A260E123CC6}.Debug|x64.ActiveCfg = Debug|Any CPU
		{AE1B8B12-D674-4F1B-B4CF-4A260E123CC6}.Debug|x64.Build.0 = Debug|Any CPU
		{AE1B8B12-D674-4F1B-B4CF-4A260E123CC6}.Debug|x86.ActiveCfg = Debug|Any CPU
		{AE1B8B12-D674-4F1B-B4CF-4A260E123CC6}.Debug|x86.Build.0 = Debug|Any CPU
		{AE1B8B12-D674-4F1B-B4CF-4A260E123CC6}.Release|Any CPU.ActiveCfg = Release|Any CPU
		{AE1B8B12-D674-4F1B-B4CF-4A260E123CC6}.Release|Any CPU.Build.0 = Release|Any CPU
		{AE1B8B12-D674-4F1B-B4CF-4A260E123CC6}.Release|x64.ActiveCfg = Release|Any CPU
		{AE1B8B12-D674-4F1B-B4CF-4A260E123CC6}.Release|x64.Build.0 = Release|Any CPU
		{AE1B8B12-D674-4F1B-B4CF-4A260E123CC6}.Release|x86.ActiveCfg = Release|Any CPU
		{AE1B8B12-D674-4F1B-B4CF-4A260E123CC6}.Release|x86.Build.0 = Release|Any CPU
		{5FC8D183-DE68-4A9A-A77E-A7F91FD103E0}.Debug|Any CPU.ActiveCfg = Debug|Any CPU
		{5FC8D183-DE68-4A9A-A77E-A7F91FD103E0}.Debug|Any CPU.Build.0 = Debug|Any CPU
		{5FC8D183-DE68-4A9A-A77E-A7F91FD103E0}.Debug|x64.ActiveCfg = Debug|Any CPU
		{5FC8D183-DE68-4A9A-A77E-A7F91FD103E0}.Debug|x64.Build.0 = Debug|Any CPU
		{5FC8D183-DE68-4A9A-A77E-A7F91FD103E0}.Debug|x86.ActiveCfg = Debug|Any CPU
		{5FC8D183-DE68-4A9A-A77E-A7F91FD103E0}.Debug|x86.Build.0 = Debug|Any CPU
		{5FC8D183-DE68-4A9A-A77E-A7F91FD103E0}.Release|Any CPU.ActiveCfg = Release|Any CPU
		{5FC8D183-DE68-4A9A-A77E-A7F91FD103E0}.Release|Any CPU.Build.0 = Release|Any CPU
		{5FC8D183-DE68-4A9A-A77E-A7F91FD103E0}.Release|x64.ActiveCfg = Release|Any CPU
		{5FC8D183-DE68-4A9A-A77E-A7F91FD103E0}.Release|x64.Build.0 = Release|Any CPU
		{5FC8D183-DE68-4A9A-A77E-A7F91FD103E0}.Release|x86.ActiveCfg = Release|Any CPU
		{5FC8D183-DE68-4A9A-A77E-A7F91FD103E0}.Release|x86.Build.0 = Release|Any CPU
	EndGlobalSection
	GlobalSection(SolutionProperties) = preSolution
		HideSolutionNode = FALSE
	EndGlobalSection
	GlobalSection(NestedProjects) = preSolution
		{59196F28-D72D-4117-9AB2-DD05DB0DED0C} = {CD2469DF-3DCD-45C6-82D0-333367279274}
		{C27E6B9A-EEC9-43EF-A4AD-65A22B9ABDB0} = {CD2469DF-3DCD-45C6-82D0-333367279274}
		{005DF56A-3BBB-47DA-8F40-B66595FA1D9D} = {CD2469DF-3DCD-45C6-82D0-333367279274}
		{89016E6D-6A3B-4058-BCFD-2196CA59E68C} = {CD2469DF-3DCD-45C6-82D0-333367279274}
		{800E2EFB-D34B-4A2E-80EC-24DAE91C70A9} = {CD2469DF-3DCD-45C6-82D0-333367279274}
		{AE1B8B12-D674-4F1B-B4CF-4A260E123CC6} = {CD2469DF-3DCD-45C6-82D0-333367279274}
		{5FC8D183-DE68-4A9A-A77E-A7F91FD103E0} = {CD2469DF-3DCD-45C6-82D0-333367279274}
	EndGlobalSection
	GlobalSection(ExtensibilityGlobals) = postSolution
		SolutionGuid = {AA1DDECB-BD50-4720-AE7E-3DD7858489D0}
	EndGlobalSection
EndGlobal
