
Microsoft Visual Studio Solution File, Format Version 12.00
# Visual Studio 15
VisualStudioVersion = 15.0.27130.2010
MinimumVisualStudioVersion = 15.0.26124.0
Project("{9A19103F-16F7-4668-BE54-9A1E7A4F7556}") = "ApiApp", "ApiApp\ApiApp.csproj", "{454C2629-032B-4EE3-AD7E-2B08A16C264D}"
EndProject
Project("{9A19103F-16F7-4668-BE54-9A1E7A4F7556}") = "ClientApp", "ClientApp\ClientApp.csproj", "{3B48DD57-2BB6-4C48-BD05-5778F26FCE9C}"
EndProject
Project("{9A19103F-16F7-4668-BE54-9A1E7A4F7556}") = "IdentityApp", "IdentityApp\IdentityApp.csproj", "{4D95FBB9-C49B-4D19-86EF-9F3E67382A3D}"
EndProject
Project("{9A19103F-16F7-4668-BE54-9A1E7A4F7556}") = "ClientApp10", "ClientApp10\ClientApp10.csproj", "{C9ED2F86-6DDD-4E00-8B3E-5A60B43DD188}"
EndProject
Project("{9A19103F-16F7-4668-BE54-9A1E7A4F7556}") = "PetitionsClient", "PetitionsClient\PetitionsClient.csproj", "{63417E37-ECA4-44C5-B47B-B1B434C64FB2}"
EndProject
Project("{9A19103F-16F7-4668-BE54-9A1E7A4F7556}") = "PetitionsApi", "PetitionsApi\PetitionsApi.csproj", "{62172309-93F3-4031-87AC-44E7EA579236}"
EndProject
Project("{2150E333-8FDC-42A3-9474-1A3956D46DE8}") = "Domain", "Domain", "{4BD1D63A-DB70-4A76-AB4C-3D6CD1A22A05}"
EndProject
Project("{9A19103F-16F7-4668-BE54-9A1E7A4F7556}") = "CityServicesPortal.Domain.Core", "CityServicesPortal.Domain.Core\CityServicesPortal.Domain.Core.csproj", "{906F7E93-11CC-49DD-8B49-606587736E04}"
EndProject
Project("{2150E333-8FDC-42A3-9474-1A3956D46DE8}") = "Petitions", "Petitions", "{CD2469DF-3DCD-45C6-82D0-333367279274}"
EndProject
Project("{9A19103F-16F7-4668-BE54-9A1E7A4F7556}") = "CityServicesPortal.Petitions.Core", "CityServicesPortal.Petitions.Core\CityServicesPortal.Petitions.Core.csproj", "{A3E1DEEF-3AC0-40B0-8DD7-AC196C58B35C}"
EndProject
Project("{9A19103F-16F7-4668-BE54-9A1E7A4F7556}") = "CityServicesPortal.Petitions.WebApi", "CityServicesPortal.Petitions.WebApi\CityServicesPortal.Petitions.WebApi.csproj", "{A854EE81-9CB1-4C23-B3F6-ECAACE00CEFF}"
EndProject
Project("{9A19103F-16F7-4668-BE54-9A1E7A4F7556}") = "CityServicesPortal.Petitions.Domain", "CityServicesPortal.Petitions.Domain\CityServicesPortal.Petitions.Domain.csproj", "{59196F28-D72D-4117-9AB2-DD05DB0DED0C}"
EndProject
Project("{9A19103F-16F7-4668-BE54-9A1E7A4F7556}") = "CityServicesPortal.Petitions.Api", "CityServicesPortal.Petitions.Api\CityServicesPortal.Petitions.Api.csproj", "{C27E6B9A-EEC9-43EF-A4AD-65A22B9ABDB0}"
EndProject
Project("{9A19103F-16F7-4668-BE54-9A1E7A4F7556}") = "CityServicesPortal.Petitions.Domain.Core", "CityServicesPortal.Petitions.Domain.Core\CityServicesPortal.Petitions.Domain.Core.csproj", "{005DF56A-3BBB-47DA-8F40-B66595FA1D9D}"
EndProject
Project("{FAE04EC0-301F-11D3-BF4B-00C04F79EFBC}") = "CityServicesPortal.Petitions.Infra.Data", "CityServicesPortal.Petitions.Infra.Data\CityServicesPortal.Petitions.Infra.Data.csproj", "{89016E6D-6A3B-4058-BCFD-2196CA59E68C}"
EndProject
Project("{FAE04EC0-301F-11D3-BF4B-00C04F79EFBC}") = "CityServicesPortal.Petitions.Infra.Bus", "CityServicesPortal.Petitions.Infra.Bus\CityServicesPortal.Petitions.Infra.Bus.csproj", "{800E2EFB-D34B-4A2E-80EC-24DAE91C70A9}"
EndProject
Global
	GlobalSection(SolutionConfigurationPlatforms) = preSolution
		Debug|Any CPU = Debug|Any CPU
		Debug|x64 = Debug|x64
		Debug|x86 = Debug|x86
		Release|Any CPU = Release|Any CPU
		Release|x64 = Release|x64
		Release|x86 = Release|x86
	EndGlobalSection
	GlobalSection(ProjectConfigurationPlatforms) = postSolution
		{454C2629-032B-4EE3-AD7E-2B08A16C264D}.Debug|Any CPU.ActiveCfg = Debug|Any CPU
		{454C2629-032B-4EE3-AD7E-2B08A16C264D}.Debug|Any CPU.Build.0 = Debug|Any CPU
		{454C2629-032B-4EE3-AD7E-2B08A16C264D}.Debug|x64.ActiveCfg = Debug|Any CPU
		{454C2629-032B-4EE3-AD7E-2B08A16C264D}.Debug|x64.Build.0 = Debug|Any CPU
		{454C2629-032B-4EE3-AD7E-2B08A16C264D}.Debug|x86.ActiveCfg = Debug|Any CPU
		{454C2629-032B-4EE3-AD7E-2B08A16C264D}.Debug|x86.Build.0 = Debug|Any CPU
		{454C2629-032B-4EE3-AD7E-2B08A16C264D}.Release|Any CPU.ActiveCfg = Release|Any CPU
		{454C2629-032B-4EE3-AD7E-2B08A16C264D}.Release|Any CPU.Build.0 = Release|Any CPU
		{454C2629-032B-4EE3-AD7E-2B08A16C264D}.Release|x64.ActiveCfg = Release|Any CPU
		{454C2629-032B-4EE3-AD7E-2B08A16C264D}.Release|x64.Build.0 = Release|Any CPU
		{454C2629-032B-4EE3-AD7E-2B08A16C264D}.Release|x86.ActiveCfg = Release|Any CPU
		{454C2629-032B-4EE3-AD7E-2B08A16C264D}.Release|x86.Build.0 = Release|Any CPU
		{3B48DD57-2BB6-4C48-BD05-5778F26FCE9C}.Debug|Any CPU.ActiveCfg = Debug|Any CPU
		{3B48DD57-2BB6-4C48-BD05-5778F26FCE9C}.Debug|Any CPU.Build.0 = Debug|Any CPU
		{3B48DD57-2BB6-4C48-BD05-5778F26FCE9C}.Debug|x64.ActiveCfg = Debug|Any CPU
		{3B48DD57-2BB6-4C48-BD05-5778F26FCE9C}.Debug|x64.Build.0 = Debug|Any CPU
		{3B48DD57-2BB6-4C48-BD05-5778F26FCE9C}.Debug|x86.ActiveCfg = Debug|Any CPU
		{3B48DD57-2BB6-4C48-BD05-5778F26FCE9C}.Debug|x86.Build.0 = Debug|Any CPU
		{3B48DD57-2BB6-4C48-BD05-5778F26FCE9C}.Release|Any CPU.ActiveCfg = Release|Any CPU
		{3B48DD57-2BB6-4C48-BD05-5778F26FCE9C}.Release|Any CPU.Build.0 = Release|Any CPU
		{3B48DD57-2BB6-4C48-BD05-5778F26FCE9C}.Release|x64.ActiveCfg = Release|Any CPU
		{3B48DD57-2BB6-4C48-BD05-5778F26FCE9C}.Release|x64.Build.0 = Release|Any CPU
		{3B48DD57-2BB6-4C48-BD05-5778F26FCE9C}.Release|x86.ActiveCfg = Release|Any CPU
		{3B48DD57-2BB6-4C48-BD05-5778F26FCE9C}.Release|x86.Build.0 = Release|Any CPU
		{4D95FBB9-C49B-4D19-86EF-9F3E67382A3D}.Debug|Any CPU.ActiveCfg = Debug|Any CPU
		{4D95FBB9-C49B-4D19-86EF-9F3E67382A3D}.Debug|Any CPU.Build.0 = Debug|Any CPU
		{4D95FBB9-C49B-4D19-86EF-9F3E67382A3D}.Debug|x64.ActiveCfg = Debug|Any CPU
		{4D95FBB9-C49B-4D19-86EF-9F3E67382A3D}.Debug|x64.Build.0 = Debug|Any CPU
		{4D95FBB9-C49B-4D19-86EF-9F3E67382A3D}.Debug|x86.ActiveCfg = Debug|Any CPU
		{4D95FBB9-C49B-4D19-86EF-9F3E67382A3D}.Debug|x86.Build.0 = Debug|Any CPU
		{4D95FBB9-C49B-4D19-86EF-9F3E67382A3D}.Release|Any CPU.ActiveCfg = Release|Any CPU
		{4D95FBB9-C49B-4D19-86EF-9F3E67382A3D}.Release|Any CPU.Build.0 = Release|Any CPU
		{4D95FBB9-C49B-4D19-86EF-9F3E67382A3D}.Release|x64.ActiveCfg = Release|Any CPU
		{4D95FBB9-C49B-4D19-86EF-9F3E67382A3D}.Release|x64.Build.0 = Release|Any CPU
		{4D95FBB9-C49B-4D19-86EF-9F3E67382A3D}.Release|x86.ActiveCfg = Release|Any CPU
		{4D95FBB9-C49B-4D19-86EF-9F3E67382A3D}.Release|x86.Build.0 = Release|Any CPU
		{C9ED2F86-6DDD-4E00-8B3E-5A60B43DD188}.Debug|Any CPU.ActiveCfg = Debug|Any CPU
		{C9ED2F86-6DDD-4E00-8B3E-5A60B43DD188}.Debug|Any CPU.Build.0 = Debug|Any CPU
		{C9ED2F86-6DDD-4E00-8B3E-5A60B43DD188}.Debug|x64.ActiveCfg = Debug|Any CPU
		{C9ED2F86-6DDD-4E00-8B3E-5A60B43DD188}.Debug|x64.Build.0 = Debug|Any CPU
		{C9ED2F86-6DDD-4E00-8B3E-5A60B43DD188}.Debug|x86.ActiveCfg = Debug|Any CPU
		{C9ED2F86-6DDD-4E00-8B3E-5A60B43DD188}.Debug|x86.Build.0 = Debug|Any CPU
		{C9ED2F86-6DDD-4E00-8B3E-5A60B43DD188}.Release|Any CPU.ActiveCfg = Release|Any CPU
		{C9ED2F86-6DDD-4E00-8B3E-5A60B43DD188}.Release|Any CPU.Build.0 = Release|Any CPU
		{C9ED2F86-6DDD-4E00-8B3E-5A60B43DD188}.Release|x64.ActiveCfg = Release|Any CPU
		{C9ED2F86-6DDD-4E00-8B3E-5A60B43DD188}.Release|x64.Build.0 = Release|Any CPU
		{C9ED2F86-6DDD-4E00-8B3E-5A60B43DD188}.Release|x86.ActiveCfg = Release|Any CPU
		{C9ED2F86-6DDD-4E00-8B3E-5A60B43DD188}.Release|x86.Build.0 = Release|Any CPU
		{63417E37-ECA4-44C5-B47B-B1B434C64FB2}.Debug|Any CPU.ActiveCfg = Debug|Any CPU
		{63417E37-ECA4-44C5-B47B-B1B434C64FB2}.Debug|Any CPU.Build.0 = Debug|Any CPU
		{63417E37-ECA4-44C5-B47B-B1B434C64FB2}.Debug|x64.ActiveCfg = Debug|Any CPU
		{63417E37-ECA4-44C5-B47B-B1B434C64FB2}.Debug|x64.Build.0 = Debug|Any CPU
		{63417E37-ECA4-44C5-B47B-B1B434C64FB2}.Debug|x86.ActiveCfg = Debug|Any CPU
		{63417E37-ECA4-44C5-B47B-B1B434C64FB2}.Debug|x86.Build.0 = Debug|Any CPU
		{63417E37-ECA4-44C5-B47B-B1B434C64FB2}.Release|Any CPU.ActiveCfg = Release|Any CPU
		{63417E37-ECA4-44C5-B47B-B1B434C64FB2}.Release|Any CPU.Build.0 = Release|Any CPU
		{63417E37-ECA4-44C5-B47B-B1B434C64FB2}.Release|x64.ActiveCfg = Release|Any CPU
		{63417E37-ECA4-44C5-B47B-B1B434C64FB2}.Release|x64.Build.0 = Release|Any CPU
		{63417E37-ECA4-44C5-B47B-B1B434C64FB2}.Release|x86.ActiveCfg = Release|Any CPU
		{63417E37-ECA4-44C5-B47B-B1B434C64FB2}.Release|x86.Build.0 = Release|Any CPU
		{62172309-93F3-4031-87AC-44E7EA579236}.Debug|Any CPU.ActiveCfg = Debug|Any CPU
		{62172309-93F3-4031-87AC-44E7EA579236}.Debug|Any CPU.Build.0 = Debug|Any CPU
		{62172309-93F3-4031-87AC-44E7EA579236}.Debug|x64.ActiveCfg = Debug|Any CPU
		{62172309-93F3-4031-87AC-44E7EA579236}.Debug|x64.Build.0 = Debug|Any CPU
		{62172309-93F3-4031-87AC-44E7EA579236}.Debug|x86.ActiveCfg = Debug|Any CPU
		{62172309-93F3-4031-87AC-44E7EA579236}.Debug|x86.Build.0 = Debug|Any CPU
		{62172309-93F3-4031-87AC-44E7EA579236}.Release|Any CPU.ActiveCfg = Release|Any CPU
		{62172309-93F3-4031-87AC-44E7EA579236}.Release|Any CPU.Build.0 = Release|Any CPU
		{62172309-93F3-4031-87AC-44E7EA579236}.Release|x64.ActiveCfg = Release|Any CPU
		{62172309-93F3-4031-87AC-44E7EA579236}.Release|x64.Build.0 = Release|Any CPU
		{62172309-93F3-4031-87AC-44E7EA579236}.Release|x86.ActiveCfg = Release|Any CPU
		{62172309-93F3-4031-87AC-44E7EA579236}.Release|x86.Build.0 = Release|Any CPU
		{906F7E93-11CC-49DD-8B49-606587736E04}.Debug|Any CPU.ActiveCfg = Debug|Any CPU
		{906F7E93-11CC-49DD-8B49-606587736E04}.Debug|Any CPU.Build.0 = Debug|Any CPU
		{906F7E93-11CC-49DD-8B49-606587736E04}.Debug|x64.ActiveCfg = Debug|Any CPU
		{906F7E93-11CC-49DD-8B49-606587736E04}.Debug|x64.Build.0 = Debug|Any CPU
		{906F7E93-11CC-49DD-8B49-606587736E04}.Debug|x86.ActiveCfg = Debug|Any CPU
		{906F7E93-11CC-49DD-8B49-606587736E04}.Debug|x86.Build.0 = Debug|Any CPU
		{906F7E93-11CC-49DD-8B49-606587736E04}.Release|Any CPU.ActiveCfg = Release|Any CPU
		{906F7E93-11CC-49DD-8B49-606587736E04}.Release|Any CPU.Build.0 = Release|Any CPU
		{906F7E93-11CC-49DD-8B49-606587736E04}.Release|x64.ActiveCfg = Release|Any CPU
		{906F7E93-11CC-49DD-8B49-606587736E04}.Release|x64.Build.0 = Release|Any CPU
		{906F7E93-11CC-49DD-8B49-606587736E04}.Release|x86.ActiveCfg = Release|Any CPU
		{906F7E93-11CC-49DD-8B49-606587736E04}.Release|x86.Build.0 = Release|Any CPU
		{A3E1DEEF-3AC0-40B0-8DD7-AC196C58B35C}.Debug|Any CPU.ActiveCfg = Debug|Any CPU
		{A3E1DEEF-3AC0-40B0-8DD7-AC196C58B35C}.Debug|Any CPU.Build.0 = Debug|Any CPU
		{A3E1DEEF-3AC0-40B0-8DD7-AC196C58B35C}.Debug|x64.ActiveCfg = Debug|Any CPU
		{A3E1DEEF-3AC0-40B0-8DD7-AC196C58B35C}.Debug|x64.Build.0 = Debug|Any CPU
		{A3E1DEEF-3AC0-40B0-8DD7-AC196C58B35C}.Debug|x86.ActiveCfg = Debug|Any CPU
		{A3E1DEEF-3AC0-40B0-8DD7-AC196C58B35C}.Debug|x86.Build.0 = Debug|Any CPU
		{A3E1DEEF-3AC0-40B0-8DD7-AC196C58B35C}.Release|Any CPU.ActiveCfg = Release|Any CPU
		{A3E1DEEF-3AC0-40B0-8DD7-AC196C58B35C}.Release|Any CPU.Build.0 = Release|Any CPU
		{A3E1DEEF-3AC0-40B0-8DD7-AC196C58B35C}.Release|x64.ActiveCfg = Release|Any CPU
		{A3E1DEEF-3AC0-40B0-8DD7-AC196C58B35C}.Release|x64.Build.0 = Release|Any CPU
		{A3E1DEEF-3AC0-40B0-8DD7-AC196C58B35C}.Release|x86.ActiveCfg = Release|Any CPU
		{A3E1DEEF-3AC0-40B0-8DD7-AC196C58B35C}.Release|x86.Build.0 = Release|Any CPU
		{A854EE81-9CB1-4C23-B3F6-ECAACE00CEFF}.Debug|Any CPU.ActiveCfg = Debug|Any CPU
		{A854EE81-9CB1-4C23-B3F6-ECAACE00CEFF}.Debug|Any CPU.Build.0 = Debug|Any CPU
		{A854EE81-9CB1-4C23-B3F6-ECAACE00CEFF}.Debug|x64.ActiveCfg = Debug|Any CPU
		{A854EE81-9CB1-4C23-B3F6-ECAACE00CEFF}.Debug|x64.Build.0 = Debug|Any CPU
		{A854EE81-9CB1-4C23-B3F6-ECAACE00CEFF}.Debug|x86.ActiveCfg = Debug|Any CPU
		{A854EE81-9CB1-4C23-B3F6-ECAACE00CEFF}.Debug|x86.Build.0 = Debug|Any CPU
		{A854EE81-9CB1-4C23-B3F6-ECAACE00CEFF}.Release|Any CPU.ActiveCfg = Release|Any CPU
		{A854EE81-9CB1-4C23-B3F6-ECAACE00CEFF}.Release|Any CPU.Build.0 = Release|Any CPU
		{A854EE81-9CB1-4C23-B3F6-ECAACE00CEFF}.Release|x64.ActiveCfg = Release|Any CPU
		{A854EE81-9CB1-4C23-B3F6-ECAACE00CEFF}.Release|x64.Build.0 = Release|Any CPU
		{A854EE81-9CB1-4C23-B3F6-ECAACE00CEFF}.Release|x86.ActiveCfg = Release|Any CPU
		{A854EE81-9CB1-4C23-B3F6-ECAACE00CEFF}.Release|x86.Build.0 = Release|Any CPU
		{59196F28-D72D-4117-9AB2-DD05DB0DED0C}.Debug|Any CPU.ActiveCfg = Debug|Any CPU
		{59196F28-D72D-4117-9AB2-DD05DB0DED0C}.Debug|Any CPU.Build.0 = Debug|Any CPU
		{59196F28-D72D-4117-9AB2-DD05DB0DED0C}.Debug|x64.ActiveCfg = Debug|Any CPU
		{59196F28-D72D-4117-9AB2-DD05DB0DED0C}.Debug|x64.Build.0 = Debug|Any CPU
		{59196F28-D72D-4117-9AB2-DD05DB0DED0C}.Debug|x86.ActiveCfg = Debug|Any CPU
		{59196F28-D72D-4117-9AB2-DD05DB0DED0C}.Debug|x86.Build.0 = Debug|Any CPU
		{59196F28-D72D-4117-9AB2-DD05DB0DED0C}.Release|Any CPU.ActiveCfg = Release|Any CPU
		{59196F28-D72D-4117-9AB2-DD05DB0DED0C}.Release|Any CPU.Build.0 = Release|Any CPU
		{59196F28-D72D-4117-9AB2-DD05DB0DED0C}.Release|x64.ActiveCfg = Release|Any CPU
		{59196F28-D72D-4117-9AB2-DD05DB0DED0C}.Release|x64.Build.0 = Release|Any CPU
		{59196F28-D72D-4117-9AB2-DD05DB0DED0C}.Release|x86.ActiveCfg = Release|Any CPU
		{59196F28-D72D-4117-9AB2-DD05DB0DED0C}.Release|x86.Build.0 = Release|Any CPU
		{C27E6B9A-EEC9-43EF-A4AD-65A22B9ABDB0}.Debug|Any CPU.ActiveCfg = Debug|Any CPU
		{C27E6B9A-EEC9-43EF-A4AD-65A22B9ABDB0}.Debug|Any CPU.Build.0 = Debug|Any CPU
		{C27E6B9A-EEC9-43EF-A4AD-65A22B9ABDB0}.Debug|x64.ActiveCfg = Debug|Any CPU
		{C27E6B9A-EEC9-43EF-A4AD-65A22B9ABDB0}.Debug|x64.Build.0 = Debug|Any CPU
		{C27E6B9A-EEC9-43EF-A4AD-65A22B9ABDB0}.Debug|x86.ActiveCfg = Debug|Any CPU
		{C27E6B9A-EEC9-43EF-A4AD-65A22B9ABDB0}.Debug|x86.Build.0 = Debug|Any CPU
		{C27E6B9A-EEC9-43EF-A4AD-65A22B9ABDB0}.Release|Any CPU.ActiveCfg = Release|Any CPU
		{C27E6B9A-EEC9-43EF-A4AD-65A22B9ABDB0}.Release|Any CPU.Build.0 = Release|Any CPU
		{C27E6B9A-EEC9-43EF-A4AD-65A22B9ABDB0}.Release|x64.ActiveCfg = Release|Any CPU
		{C27E6B9A-EEC9-43EF-A4AD-65A22B9ABDB0}.Release|x64.Build.0 = Release|Any CPU
		{C27E6B9A-EEC9-43EF-A4AD-65A22B9ABDB0}.Release|x86.ActiveCfg = Release|Any CPU
		{C27E6B9A-EEC9-43EF-A4AD-65A22B9ABDB0}.Release|x86.Build.0 = Release|Any CPU
		{005DF56A-3BBB-47DA-8F40-B66595FA1D9D}.Debug|Any CPU.ActiveCfg = Debug|Any CPU
		{005DF56A-3BBB-47DA-8F40-B66595FA1D9D}.Debug|Any CPU.Build.0 = Debug|Any CPU
		{005DF56A-3BBB-47DA-8F40-B66595FA1D9D}.Debug|x64.ActiveCfg = Debug|Any CPU
		{005DF56A-3BBB-47DA-8F40-B66595FA1D9D}.Debug|x64.Build.0 = Debug|Any CPU
		{005DF56A-3BBB-47DA-8F40-B66595FA1D9D}.Debug|x86.ActiveCfg = Debug|Any CPU
		{005DF56A-3BBB-47DA-8F40-B66595FA1D9D}.Debug|x86.Build.0 = Debug|Any CPU
		{005DF56A-3BBB-47DA-8F40-B66595FA1D9D}.Release|Any CPU.ActiveCfg = Release|Any CPU
		{005DF56A-3BBB-47DA-8F40-B66595FA1D9D}.Release|Any CPU.Build.0 = Release|Any CPU
		{005DF56A-3BBB-47DA-8F40-B66595FA1D9D}.Release|x64.ActiveCfg = Release|Any CPU
		{005DF56A-3BBB-47DA-8F40-B66595FA1D9D}.Release|x64.Build.0 = Release|Any CPU
		{005DF56A-3BBB-47DA-8F40-B66595FA1D9D}.Release|x86.ActiveCfg = Release|Any CPU
		{005DF56A-3BBB-47DA-8F40-B66595FA1D9D}.Release|x86.Build.0 = Release|Any CPU
		{89016E6D-6A3B-4058-BCFD-2196CA59E68C}.Debug|Any CPU.ActiveCfg = Debug|Any CPU
		{89016E6D-6A3B-4058-BCFD-2196CA59E68C}.Debug|Any CPU.Build.0 = Debug|Any CPU
		{89016E6D-6A3B-4058-BCFD-2196CA59E68C}.Debug|x64.ActiveCfg = Debug|Any CPU
		{89016E6D-6A3B-4058-BCFD-2196CA59E68C}.Debug|x64.Build.0 = Debug|Any CPU
		{89016E6D-6A3B-4058-BCFD-2196CA59E68C}.Debug|x86.ActiveCfg = Debug|Any CPU
		{89016E6D-6A3B-4058-BCFD-2196CA59E68C}.Debug|x86.Build.0 = Debug|Any CPU
		{89016E6D-6A3B-4058-BCFD-2196CA59E68C}.Release|Any CPU.ActiveCfg = Release|Any CPU
		{89016E6D-6A3B-4058-BCFD-2196CA59E68C}.Release|Any CPU.Build.0 = Release|Any CPU
		{89016E6D-6A3B-4058-BCFD-2196CA59E68C}.Release|x64.ActiveCfg = Release|Any CPU
		{89016E6D-6A3B-4058-BCFD-2196CA59E68C}.Release|x64.Build.0 = Release|Any CPU
		{89016E6D-6A3B-4058-BCFD-2196CA59E68C}.Release|x86.ActiveCfg = Release|Any CPU
		{89016E6D-6A3B-4058-BCFD-2196CA59E68C}.Release|x86.Build.0 = Release|Any CPU
		{800E2EFB-D34B-4A2E-80EC-24DAE91C70A9}.Debug|Any CPU.ActiveCfg = Debug|Any CPU
		{800E2EFB-D34B-4A2E-80EC-24DAE91C70A9}.Debug|Any CPU.Build.0 = Debug|Any CPU
		{800E2EFB-D34B-4A2E-80EC-24DAE91C70A9}.Debug|x64.ActiveCfg = Debug|Any CPU
		{800E2EFB-D34B-4A2E-80EC-24DAE91C70A9}.Debug|x64.Build.0 = Debug|Any CPU
		{800E2EFB-D34B-4A2E-80EC-24DAE91C70A9}.Debug|x86.ActiveCfg = Debug|Any CPU
		{800E2EFB-D34B-4A2E-80EC-24DAE91C70A9}.Debug|x86.Build.0 = Debug|Any CPU
		{800E2EFB-D34B-4A2E-80EC-24DAE91C70A9}.Release|Any CPU.ActiveCfg = Release|Any CPU
		{800E2EFB-D34B-4A2E-80EC-24DAE91C70A9}.Release|Any CPU.Build.0 = Release|Any CPU
		{800E2EFB-D34B-4A2E-80EC-24DAE91C70A9}.Release|x64.ActiveCfg = Release|Any CPU
		{800E2EFB-D34B-4A2E-80EC-24DAE91C70A9}.Release|x64.Build.0 = Release|Any CPU
		{800E2EFB-D34B-4A2E-80EC-24DAE91C70A9}.Release|x86.ActiveCfg = Release|Any CPU
		{800E2EFB-D34B-4A2E-80EC-24DAE91C70A9}.Release|x86.Build.0 = Release|Any CPU
	EndGlobalSection
	GlobalSection(SolutionProperties) = preSolution
		HideSolutionNode = FALSE
	EndGlobalSection
	GlobalSection(NestedProjects) = preSolution
		{906F7E93-11CC-49DD-8B49-606587736E04} = {4BD1D63A-DB70-4A76-AB4C-3D6CD1A22A05}
		{A3E1DEEF-3AC0-40B0-8DD7-AC196C58B35C} = {CD2469DF-3DCD-45C6-82D0-333367279274}
		{A854EE81-9CB1-4C23-B3F6-ECAACE00CEFF} = {CD2469DF-3DCD-45C6-82D0-333367279274}
		{59196F28-D72D-4117-9AB2-DD05DB0DED0C} = {CD2469DF-3DCD-45C6-82D0-333367279274}
		{C27E6B9A-EEC9-43EF-A4AD-65A22B9ABDB0} = {CD2469DF-3DCD-45C6-82D0-333367279274}
		{005DF56A-3BBB-47DA-8F40-B66595FA1D9D} = {CD2469DF-3DCD-45C6-82D0-333367279274}
		{89016E6D-6A3B-4058-BCFD-2196CA59E68C} = {CD2469DF-3DCD-45C6-82D0-333367279274}
		{800E2EFB-D34B-4A2E-80EC-24DAE91C70A9} = {CD2469DF-3DCD-45C6-82D0-333367279274}
	EndGlobalSection
	GlobalSection(ExtensibilityGlobals) = postSolution
		SolutionGuid = {AA1DDECB-BD50-4720-AE7E-3DD7858489D0}
	EndGlobalSection
EndGlobal
